
Microsoft Visual Studio Solution File, Format Version 12.00
# Visual Studio Version 17
VisualStudioVersion = 17.8.34511.84
MinimumVisualStudioVersion = 10.0.40219.1
Project("{FAE04EC0-301F-11D3-BF4B-00C04F79EFBC}") = "PartsOrdersAPI", "PartsOrdersAPI\PartsOrdersAPI.csproj", "{B82B654C-68A1-4AD9-8454-C05D8FE40B86}"
EndProject
Project("{FAE04EC0-301F-11D3-BF4B-00C04F79EFBC}") = "PartsOrdersAPI.Test", "PartsOrdersAPI.Test\PartsOrdersAPI.Test.csproj", "{8D837EC6-50C4-4EFC-89E1-9CE5F549EB78}"
EndProject
Global
	GlobalSection(SolutionConfigurationPlatforms) = preSolution
		Debug|Any CPU = Debug|Any CPU
		Release|Any CPU = Release|Any CPU
	EndGlobalSection
	GlobalSection(ProjectConfigurationPlatforms) = postSolution
		{B82B654C-68A1-4AD9-8454-C05D8FE40B86}.Debug|Any CPU.ActiveCfg = Debug|Any CPU
		{B82B654C-68A1-4AD9-8454-C05D8FE40B86}.Debug|Any CPU.Build.0 = Debug|Any CPU
		{B82B654C-68A1-4AD9-8454-C05D8FE40B86}.Release|Any CPU.ActiveCfg = Release|Any CPU
		{B82B654C-68A1-4AD9-8454-C05D8FE40B86}.Release|Any CPU.Build.0 = Release|Any CPU
		{8D837EC6-50C4-4EFC-89E1-9CE5F549EB78}.Debug|Any CPU.ActiveCfg = Debug|Any CPU
		{8D837EC6-50C4-4EFC-89E1-9CE5F549EB78}.Debug|Any CPU.Build.0 = Debug|Any CPU
		{8D837EC6-50C4-4EFC-89E1-9CE5F549EB78}.Release|Any CPU.ActiveCfg = Release|Any CPU
		{8D837EC6-50C4-4EFC-89E1-9CE5F549EB78}.Release|Any CPU.Build.0 = Release|Any CPU
	EndGlobalSection
	GlobalSection(SolutionProperties) = preSolution
		HideSolutionNode = FALSE
	EndGlobalSection
	GlobalSection(ExtensibilityGlobals) = postSolution
		SolutionGuid = {5DB41169-E508-40F0-9073-6440166821D9}
	EndGlobalSection
EndGlobal
